{
    "version": "0.5",
    "requires": [
        "zlib/1.2.13#e377bee636333ae348d51ca90874e353%1682597484.674",
        "prometheus-cpp/1.1.0#c6c3bf8a1a108fdaf36929ccd22e9082%1683638224.992",
        "openssl/3.1.1#3a25e05b364f335633143656dc265841%1685464563.35",
        "libcurl/8.0.1#6f355aec32a19d1aa0cf70eb07be587e%1689844594.611",
        "civetweb/1.16#6802d7300da7f20c7963e3c336d8593f%1683361088.466"
    ],
    "build_requires": [
        "pkgconf/1.9.3#5da3944c3226f5764374e4b8b4e1d055%1688570267.668",
        "ninja/1.11.1#77587f8c8318662ac8e5a7867eb4be21%1684431244.21",
        "meson/1.0.0#15586c0ac6f682805875ef903dbe7ee2%1673885561.647",
        "m4/1.4.19#c1c4b1ee919e34630bb9b50046253d3c%1676610086.39",
        "libtool/2.4.7#d55a3c2435c19e830fa77aa5c6c19350%1677509454.216",
        "gnu-config/cci.20210814#15c3bf7dfdb743977b84d0321534ad90%1681250000.747",
        "automake/1.16.5#058bda3e21c36c9aa8425daf3c1faf50%1688481772.751",
        "autoconf/2.71#ce232afdcd21d1269419c355375731e6%1688493320.427"
    ],
    "python_requires": []
}